
Microsoft Visual Studio Solution File, Format Version 12.00ㅓ
# Visual Studio Version 17
VisualStudioVersion = 17.9.34902.65
MinimumVisualStudioVersion = 10.0.40219.1
Project("{8BC9CEB8-8B4A-11D0-8D11-00A0C91BC942}") = "anu87", "anu87\anu87.vcxproj", "{25CD6437-1841-4237-A291-36575B4397B0}"
EndProject
Global
	GlobalSection(SolutionConfigurationPlatforms) = preSolution
		Debug|x64 = Debug|x64
		Debug|x86 = Debug|x86
		Release|x64 = Release|x64
		Release|x86 = Release|x86
	EndGlobalSection
	GlobalSection(ProjectConfigurationPlatforms) = postSolution
		{25CD6437-1841-4237-A291-36575B4397B0}.Debug|x64.ActiveCfg = Debug|x64
		{25CD6437-1841-4237-A291-36575B4397B0}.Debug|x64.Build.0 = Debug|x64
		{25CD6437-1841-4237-A291-36575B4397B0}.Debug|x86.ActiveCfg = Debug|Win32
		{25CD6437-1841-4237-A291-36575B4397B0}.Debug|x86.Build.0 = Debug|Win32
		{25CD6437-1841-4237-A291-36575B4397B0}.Release|x64.ActiveCfg = Release|x64
		{25CD6437-1841-4237-A291-36575B4397B0}.Release|x64.Build.0 = Release|x64
		{25CD6437-1841-4237-A291-36575B4397B0}.Release|x86.ActiveCfg = Release|Win32
		{25CD6437-1841-4237-A291-36575B4397B0}.Release|x86.Build.0 = Release|Win32
	EndGlobalSection
	GlobalSection(SolutionProperties) = preSolution
		HideSolutionNode = FALSE
	EndGlobalSection
	GlobalSection(ExtensibilityGlobals) = postSolution
		SolutionGuid = {50C6CBD0-15FA-49EF-9C51-4E4B958736AD}
	EndGlobalSection
EndGlobal
